
Microsoft Visual Studio Solution File, Format Version 12.00
# Visual Studio Version 16
VisualStudioVersion = 25.0.1706.1
MinimumVisualStudioVersion = 10.0.40219.1
Project("{FAE04EC0-301F-11D3-BF4B-00C04F79EFBC}") = "BinarySearchTree", "BinarySearchTree.csproj", "{B960ED8D-4810-4F43-AAB3-01042B0281EE}"
EndProject
Global
	GlobalSection(SolutionConfigurationPlatforms) = preSolution
		Debug|Any CPU = Debug|Any CPU
		Release|Any CPU = Release|Any CPU
	EndGlobalSection
	GlobalSection(ProjectConfigurationPlatforms) = postSolution
		{B960ED8D-4810-4F43-AAB3-01042B0281EE}.Debug|Any CPU.ActiveCfg = Debug|Any CPU
		{B960ED8D-4810-4F43-AAB3-01042B0281EE}.Debug|Any CPU.Build.0 = Debug|Any CPU
		{B960ED8D-4810-4F43-AAB3-01042B0281EE}.Release|Any CPU.ActiveCfg = Release|Any CPU
		{B960ED8D-4810-4F43-AAB3-01042B0281EE}.Release|Any CPU.Build.0 = Release|Any CPU
	EndGlobalSection
	GlobalSection(SolutionProperties) = preSolution
		HideSolutionNode = FALSE
	EndGlobalSection
	GlobalSection(ExtensibilityGlobals) = postSolution
		SolutionGuid = {98F36176-0FD0-4AA7-B976-011EB950AA4F}
	EndGlobalSection
EndGlobal
